
Microsoft Visual Studio Solution File, Format Version 12.00
Project("{FAE04EC0-301F-11D3-BF4B-00C04F79EFBC}") = "WebApplication.Domain", "WebApplication.Domain\WebApplication.Domain.csproj", "{0B8B38F4-2A34-4A8E-B179-509ABB619C47}"
EndProject
Project("{FAE04EC0-301F-11D3-BF4B-00C04F79EFBC}") = "WebAppplication.Infraestruture", "WebAppplication.Infraestruture\WebAppplication.Infraestruture.csproj", "{A2511148-8103-4102-92E3-5CFE090A8017}"
EndProject
Project("{FAE04EC0-301F-11D3-BF4B-00C04F79EFBC}") = "Leaning", "Leaning\Leaning.csproj", "{EC70D755-B857-4396-904C-DACF446940D1}"
EndProject
Global
	GlobalSection(SolutionConfigurationPlatforms) = preSolution
		Debug|Any CPU = Debug|Any CPU
		Release|Any CPU = Release|Any CPU
	EndGlobalSection
	GlobalSection(ProjectConfigurationPlatforms) = postSolution
		{0B8B38F4-2A34-4A8E-B179-509ABB619C47}.Debug|Any CPU.ActiveCfg = Debug|Any CPU
		{0B8B38F4-2A34-4A8E-B179-509ABB619C47}.Debug|Any CPU.Build.0 = Debug|Any CPU
		{0B8B38F4-2A34-4A8E-B179-509ABB619C47}.Release|Any CPU.ActiveCfg = Release|Any CPU
		{0B8B38F4-2A34-4A8E-B179-509ABB619C47}.Release|Any CPU.Build.0 = Release|Any CPU
		{A2511148-8103-4102-92E3-5CFE090A8017}.Debug|Any CPU.ActiveCfg = Debug|Any CPU
		{A2511148-8103-4102-92E3-5CFE090A8017}.Debug|Any CPU.Build.0 = Debug|Any CPU
		{A2511148-8103-4102-92E3-5CFE090A8017}.Release|Any CPU.ActiveCfg = Release|Any CPU
		{A2511148-8103-4102-92E3-5CFE090A8017}.Release|Any CPU.Build.0 = Release|Any CPU
		{EC70D755-B857-4396-904C-DACF446940D1}.Debug|Any CPU.ActiveCfg = Debug|Any CPU
		{EC70D755-B857-4396-904C-DACF446940D1}.Debug|Any CPU.Build.0 = Debug|Any CPU
		{EC70D755-B857-4396-904C-DACF446940D1}.Release|Any CPU.ActiveCfg = Release|Any CPU
		{EC70D755-B857-4396-904C-DACF446940D1}.Release|Any CPU.Build.0 = Release|Any CPU
	EndGlobalSection
EndGlobal
